
Microsoft Visual Studio Solution File, Format Version 12.00
# Visual Studio Version 17
VisualStudioVersion = 17.0.31903.59
MinimumVisualStudioVersion = 10.0.40219.1
Project("{2150E333-8FDC-42A3-9474-1A3956D46DE8}") = "server", "server", "{DAD03CFC-D5FA-AC94-41C7-9ABAB326F09E}"
EndProject
Project("{FAE04EC0-301F-11D3-BF4B-00C04F79EFBC}") = "App.Core", "server\App.Core\App.Core.csproj", "{AC2E321E-7225-42A6-AF76-BFB7965A4460}"
EndProject
Project("{FAE04EC0-301F-11D3-BF4B-00C04F79EFBC}") = "App.Infrastructure", "server\App.Infrastructure\App.Infrastructure.csproj", "{ED64D383-1830-406D-A76B-5334C41714A2}"
EndProject
Project("{FAE04EC0-301F-11D3-BF4B-00C04F79EFBC}") = "App.Api", "server\App.Api\App.Api.csproj", "{F95266BC-7789-40DC-85F2-80547034B1DD}"
EndProject
Global
	GlobalSection(SolutionConfigurationPlatforms) = preSolution
		Debug|Any CPU = Debug|Any CPU
		Debug|x64 = Debug|x64
		Debug|x86 = Debug|x86
		Release|Any CPU = Release|Any CPU
		Release|x64 = Release|x64
		Release|x86 = Release|x86
	EndGlobalSection
	GlobalSection(ProjectConfigurationPlatforms) = postSolution
		{AC2E321E-7225-42A6-AF76-BFB7965A4460}.Debug|Any CPU.ActiveCfg = Debug|Any CPU
		{AC2E321E-7225-42A6-AF76-BFB7965A4460}.Debug|Any CPU.Build.0 = Debug|Any CPU
		{AC2E321E-7225-42A6-AF76-BFB7965A4460}.Debug|x64.ActiveCfg = Debug|Any CPU
		{AC2E321E-7225-42A6-AF76-BFB7965A4460}.Debug|x64.Build.0 = Debug|Any CPU
		{AC2E321E-7225-42A6-AF76-BFB7965A4460}.Debug|x86.ActiveCfg = Debug|Any CPU
		{AC2E321E-7225-42A6-AF76-BFB7965A4460}.Debug|x86.Build.0 = Debug|Any CPU
		{AC2E321E-7225-42A6-AF76-BFB7965A4460}.Release|Any CPU.ActiveCfg = Release|Any CPU
		{AC2E321E-7225-42A6-AF76-BFB7965A4460}.Release|Any CPU.Build.0 = Release|Any CPU
		{AC2E321E-7225-42A6-AF76-BFB7965A4460}.Release|x64.ActiveCfg = Release|Any CPU
		{AC2E321E-7225-42A6-AF76-BFB7965A4460}.Release|x64.Build.0 = Release|Any CPU
		{AC2E321E-7225-42A6-AF76-BFB7965A4460}.Release|x86.ActiveCfg = Release|Any CPU
		{AC2E321E-7225-42A6-AF76-BFB7965A4460}.Release|x86.Build.0 = Release|Any CPU
		{ED64D383-1830-406D-A76B-5334C41714A2}.Debug|Any CPU.ActiveCfg = Debug|Any CPU
		{ED64D383-1830-406D-A76B-5334C41714A2}.Debug|Any CPU.Build.0 = Debug|Any CPU
		{ED64D383-1830-406D-A76B-5334C41714A2}.Debug|x64.ActiveCfg = Debug|Any CPU
		{ED64D383-1830-406D-A76B-5334C41714A2}.Debug|x64.Build.0 = Debug|Any CPU
		{ED64D383-1830-406D-A76B-5334C41714A2}.Debug|x86.ActiveCfg = Debug|Any CPU
		{ED64D383-1830-406D-A76B-5334C41714A2}.Debug|x86.Build.0 = Debug|Any CPU
		{ED64D383-1830-406D-A76B-5334C41714A2}.Release|Any CPU.ActiveCfg = Release|Any CPU
		{ED64D383-1830-406D-A76B-5334C41714A2}.Release|Any CPU.Build.0 = Release|Any CPU
		{ED64D383-1830-406D-A76B-5334C41714A2}.Release|x64.ActiveCfg = Release|Any CPU
		{ED64D383-1830-406D-A76B-5334C41714A2}.Release|x64.Build.0 = Release|Any CPU
		{ED64D383-1830-406D-A76B-5334C41714A2}.Release|x86.ActiveCfg = Release|Any CPU
		{ED64D383-1830-406D-A76B-5334C41714A2}.Release|x86.Build.0 = Release|Any CPU
		{F95266BC-7789-40DC-85F2-80547034B1DD}.Debug|Any CPU.ActiveCfg = Debug|Any CPU
		{F95266BC-7789-40DC-85F2-80547034B1DD}.Debug|Any CPU.Build.0 = Debug|Any CPU
		{F95266BC-7789-40DC-85F2-80547034B1DD}.Debug|x64.ActiveCfg = Debug|Any CPU
		{F95266BC-7789-40DC-85F2-80547034B1DD}.Debug|x64.Build.0 = Debug|Any CPU
		{F95266BC-7789-40DC-85F2-80547034B1DD}.Debug|x86.ActiveCfg = Debug|Any CPU
		{F95266BC-7789-40DC-85F2-80547034B1DD}.Debug|x86.Build.0 = Debug|Any CPU
		{F95266BC-7789-40DC-85F2-80547034B1DD}.Release|Any CPU.ActiveCfg = Release|Any CPU
		{F95266BC-7789-40DC-85F2-80547034B1DD}.Release|Any CPU.Build.0 = Release|Any CPU
		{F95266BC-7789-40DC-85F2-80547034B1DD}.Release|x64.ActiveCfg = Release|Any CPU
		{F95266BC-7789-40DC-85F2-80547034B1DD}.Release|x64.Build.0 = Release|Any CPU
		{F95266BC-7789-40DC-85F2-80547034B1DD}.Release|x86.ActiveCfg = Release|Any CPU
		{F95266BC-7789-40DC-85F2-80547034B1DD}.Release|x86.Build.0 = Release|Any CPU
	EndGlobalSection
	GlobalSection(SolutionProperties) = preSolution
		HideSolutionNode = FALSE
	EndGlobalSection
	GlobalSection(NestedProjects) = preSolution
		{AC2E321E-7225-42A6-AF76-BFB7965A4460} = {DAD03CFC-D5FA-AC94-41C7-9ABAB326F09E}
		{ED64D383-1830-406D-A76B-5334C41714A2} = {DAD03CFC-D5FA-AC94-41C7-9ABAB326F09E}
		{F95266BC-7789-40DC-85F2-80547034B1DD} = {DAD03CFC-D5FA-AC94-41C7-9ABAB326F09E}
	EndGlobalSection
EndGlobal
